# This file is automatically @generated by Poetry and should not be changed by hand.

[[package]]
name = "pytimeparse"
version = "1.1.8"
description = "Time expression parser"
category = "main"
optional = false
python-versions = "*"
files = [
    {file = "pytimeparse-1.1.8-py2.py3-none-any.whl", hash = "sha256:04b7be6cc8bd9f5647a6325444926c3ac34ee6bc7e69da4367ba282f076036bd"},
    {file = "pytimeparse-1.1.8.tar.gz", hash = "sha256:e86136477be924d7e670646a98561957e8ca7308d44841e21f5ddea757556a0a"},
]

[metadata]
lock-version = "2.0"
python-versions = "^3.10"
content-hash = "b06733ba78c598bf5e6a23865b19d66997ecf77754f81a0fa238bbb09ee4f1cc"
